PODS:
  - FBSnapshotTestCase (2.1.4):
    - FBSnapshotTestCase/SwiftSupport (= 2.1.4)
  - FBSnapshotTestCase/Core (2.1.4)
  - FBSnapshotTestCase/SwiftSupport (2.1.4):
    - FBSnapshotTestCase/Core
  - Firebase/Core (8.3.0):
    - Firebase/CoreOnly
    - FirebaseAnalytics (~> 8.3.0)
  - Firebase/CoreOnly (8.3.0):
    - FirebaseCore (= 8.3.0)
  - Firebase/Messaging (8.3.0):
    - Firebase/CoreOnly
    - FirebaseMessaging (~> 8.3.0)
  - FirebaseAnalytics (8.3.0):
    - FirebaseAnalytics/AdIdSupport (= 8.3.0)
    - FirebaseCore (~> 8.0)
    - FirebaseInstallations (~> 8.0)
    - GoogleUtilities/AppDelegateSwizzler (~> 7.4)
    - GoogleUtilities/MethodSwizzler (~> 7.4)
    - GoogleUtilities/Network (~> 7.4)
    - "GoogleUtilities/NSData+zlib (~> 7.4)"
    - nanopb (~> 2.30908.0)
  - FirebaseAnalytics/AdIdSupport (8.3.0):
    - FirebaseCore (~> 8.0)
    - FirebaseInstallations (~> 8.0)
    - GoogleAppMeasurement (= 8.3.0)
    - GoogleUtilities/AppDelegateSwizzler (~> 7.4)
    - GoogleUtilities/MethodSwizzler (~> 7.4)
    - GoogleUtilities/Network (~> 7.4)
    - "GoogleUtilities/NSData+zlib (~> 7.4)"
    - nanopb (~> 2.30908.0)
  - FirebaseCore (8.3.0):
    - FirebaseCoreDiagnostics (~> 8.0)
    - GoogleUtilities/Environment (~> 7.4)
    - GoogleUtilities/Logger (~> 7.4)
  - FirebaseCoreDiagnostics (8.3.0):
    - GoogleDataTransport (~> 9.0)
    - GoogleUtilities/Environment (~> 7.4)
    - GoogleUtilities/Logger (~> 7.4)
    - nanopb (~> 2.30908.0)
  - FirebaseInstallations (8.3.0):
    - FirebaseCore (~> 8.0)
    - GoogleUtilities/Environment (~> 7.4)
    - GoogleUtilities/UserDefaults (~> 7.4)
    - PromisesObjC (~> 1.2)
  - FirebaseMessaging (8.3.0):
    - FirebaseCore (~> 8.0)
    - FirebaseInstallations (~> 8.0)
    - GoogleUtilities/AppDelegateSwizzler (~> 7.4)
    - GoogleUtilities/Environment (~> 7.4)
    - GoogleUtilities/Reachability (~> 7.4)
    - GoogleUtilities/UserDefaults (~> 7.4)
  - GoogleAppMeasurement (8.3.0):
    - GoogleAppMeasurement/AdIdSupport (= 8.3.0)
    - GoogleUtilities/AppDelegateSwizzler (~> 7.4)
    - GoogleUtilities/MethodSwizzler (~> 7.4)
    - GoogleUtilities/Network (~> 7.4)
    - "GoogleUtilities/NSData+zlib (~> 7.4)"
    - nanopb (~> 2.30908.0)
  - GoogleAppMeasurement/AdIdSupport (8.3.0):
    - GoogleUtilities/AppDelegateSwizzler (~> 7.4)
    - GoogleUtilities/MethodSwizzler (~> 7.4)
    - GoogleUtilities/Network (~> 7.4)
    - "GoogleUtilities/NSData+zlib (~> 7.4)"
    - nanopb (~> 2.30908.0)
  - GoogleDataTransport (9.1.0):
    - GoogleUtilities/Environment (~> 7.2)
    - nanopb (~> 2.30908.0)
    - PromisesObjC (< 3.0, >= 1.2)
  - GoogleUtilities/AppDelegateSwizzler (7.5.0):
    - GoogleUtilities/Environment
    - GoogleUtilities/Logger
    - GoogleUtilities/Network
  - GoogleUtilities/Environment (7.5.0):
    - PromisesObjC (< 3.0, >= 1.2)
  - GoogleUtilities/Logger (7.5.0):
    - GoogleUtilities/Environment
  - GoogleUtilities/MethodSwizzler (7.5.0):
    - GoogleUtilities/Logger
  - GoogleUtilities/Network (7.5.0):
    - GoogleUtilities/Logger
    - "GoogleUtilities/NSData+zlib"
    - GoogleUtilities/Reachability
  - "GoogleUtilities/NSData+zlib (7.5.0)"
  - GoogleUtilities/Reachability (7.5.0):
    - GoogleUtilities/Logger
  - GoogleUtilities/UserDefaults (7.5.0):
    - GoogleUtilities/Logger
  - I (0.1.0)
  - iOSSnapshotTestCase (6.2.0):
    - iOSSnapshotTestCase/SwiftSupport (= 6.2.0)
  - iOSSnapshotTestCase/Core (6.2.0)
  - iOSSnapshotTestCase/SwiftSupport (6.2.0):
    - iOSSnapshotTestCase/Core
  - nanopb (2.30908.0):
    - nanopb/decode (= 2.30908.0)
    - nanopb/encode (= 2.30908.0)
  - nanopb/decode (2.30908.0)
  - nanopb/encode (2.30908.0)
  - Nimble (9.2.0)
  - Nimble-Snapshots (9.1.1):
    - Nimble-Snapshots/Core (= 9.1.1)
  - Nimble-Snapshots/Core (9.1.1):
    - iOSSnapshotTestCase (~> 6.0)
    - Nimble
  - PromisesObjC (1.2.12)
  - Quick (2.2.1)
  - Tsuchi (0.7.0):
    - Firebase/Core (~> 8.3.0)
    - Firebase/Messaging (~> 8.3.0)

DEPENDENCIES:
  - FBSnapshotTestCase (~> 2.1)
  - I
  - Nimble (~> 9.2)
  - Nimble-Snapshots
  - Quick (~> 2.0)
  - Tsuchi (from `../`)

SPEC REPOS:
  trunk:
    - FBSnapshotTestCase
    - Firebase
    - FirebaseAnalytics
    - FirebaseCore
    - FirebaseCoreDiagnostics
    - FirebaseInstallations
    - FirebaseMessaging
    - GoogleAppMeasurement
    - GoogleDataTransport
    - GoogleUtilities
    - I
    - iOSSnapshotTestCase
    - nanopb
    - Nimble
    - Nimble-Snapshots
    - PromisesObjC
    - Quick

EXTERNAL SOURCES:
  Tsuchi:
    :path: "../"

SPEC CHECKSUMS:
  FBSnapshotTestCase: 094f9f314decbabe373b87cc339bea235a63e07a
  Firebase: 817b9171d0d51dccc458b94a5e8edff6b1dd323d
  FirebaseAnalytics: 456f2c51599870a15ded4548d1f1f7b2cabf65a7
  FirebaseCore: a6dba751680d7033b9d3831e1cfc95ead0605118
  FirebaseCoreDiagnostics: 7e873baabcfaa9512f538554ae4fa0817aaafbdb
  FirebaseInstallations: b69db7680870dbac17bba7a51fc0b5c4b365baa7
  FirebaseMessaging: 42252b79b860482021483748669ec32e22196462
  GoogleAppMeasurement: de70802583dedceb0bca18172b345307e8f410b8
  GoogleDataTransport: 85fd18ff3019bb85d3f2c551d04c481dedf71fc9
  GoogleUtilities: eea970f4a389963963bffe8d8fabe43540678b9c
  I: c06e4985b9a046cddacf82ab3900fe1fa1f162b1
  iOSSnapshotTestCase: 9ab44cb5aa62b84d31847f40680112e15ec579a6
  nanopb: a0ba3315591a9ae0a16a309ee504766e90db0c96
  Nimble: 4f4a345c80b503b3ea13606a4f98405974ee4d0b
  Nimble-Snapshots: 881d47f238c5462f38ffcccb1747b17c633b2c18
  PromisesObjC: 3113f7f76903778cf4a0586bd1ab89329a0b7b97
  Quick: f5754d69b7013f5864c29aab9ae6f0c79c5bc200
  Tsuchi: f48916ff262d4930c6a4610fdef7aa9aef2c8b63

PODFILE CHECKSUM: 169a3d3af7c80c87605bf5084e69dc42d174367c

COCOAPODS: 1.10.1
